
Microsoft Visual Studio Solution File, Format Version 12.00
# Visual Studio Version 17
VisualStudioVersion = 17.10.34928.147
MinimumVisualStudioVersion = 10.0.40219.1
Project("{9A19103F-16F7-4668-BE54-9A1E7A4F7556}") = "DA", "DA\DA.csproj", "{7A7155AB-B56A-4C13-B0C8-98244EEA0A14}"
EndProject
Project("{9A19103F-16F7-4668-BE54-9A1E7A4F7556}") = "Abstracciones", "Abstracciones\Abstracciones.csproj", "{4114542F-9782-4FCC-A6DD-0947684022BD}"
EndProject
Project("{9A19103F-16F7-4668-BE54-9A1E7A4F7556}") = "SG", "SG\SG.csproj", "{D4C0BD6F-3C99-4B4F-8F21-93A688E55803}"
EndProject
Project("{9A19103F-16F7-4668-BE54-9A1E7A4F7556}") = "BC", "BC\BC.csproj", "{468E94B1-1888-4CA6-A851-A344F233A105}"
EndProject
Project("{9A19103F-16F7-4668-BE54-9A1E7A4F7556}") = "BW", "BW\BW.csproj", "{3BA47344-573A-4C82-816C-7C1FF5A168D3}"
EndProject
Project("{9A19103F-16F7-4668-BE54-9A1E7A4F7556}") = "API", "API\API.csproj", "{64A90D4B-ED2D-49C7-AEEB-64B7DA6D520C}"
EndProject
Project("{00D1A9C2-B5F0-4AF3-8072-F6C62B433612}") = "BaseDatos", "BaseDatos\BaseDatos.sqlproj", "{4BF43DE0-8B36-47D2-B229-892D3BE2B922}"
EndProject
Global
	GlobalSection(SolutionConfigurationPlatforms) = preSolution
		Debug|Any CPU = Debug|Any CPU
		Release|Any CPU = Release|Any CPU
	EndGlobalSection
	GlobalSection(ProjectConfigurationPlatforms) = postSolution
		{7A7155AB-B56A-4C13-B0C8-98244EEA0A14}.Debug|Any CPU.ActiveCfg = Debug|Any CPU
		{7A7155AB-B56A-4C13-B0C8-98244EEA0A14}.Debug|Any CPU.Build.0 = Debug|Any CPU
		{7A7155AB-B56A-4C13-B0C8-98244EEA0A14}.Release|Any CPU.ActiveCfg = Release|Any CPU
		{7A7155AB-B56A-4C13-B0C8-98244EEA0A14}.Release|Any CPU.Build.0 = Release|Any CPU
		{4114542F-9782-4FCC-A6DD-0947684022BD}.Debug|Any CPU.ActiveCfg = Debug|Any CPU
		{4114542F-9782-4FCC-A6DD-0947684022BD}.Debug|Any CPU.Build.0 = Debug|Any CPU
		{4114542F-9782-4FCC-A6DD-0947684022BD}.Release|Any CPU.ActiveCfg = Release|Any CPU
		{4114542F-9782-4FCC-A6DD-0947684022BD}.Release|Any CPU.Build.0 = Release|Any CPU
		{D4C0BD6F-3C99-4B4F-8F21-93A688E55803}.Debug|Any CPU.ActiveCfg = Debug|Any CPU
		{D4C0BD6F-3C99-4B4F-8F21-93A688E55803}.Debug|Any CPU.Build.0 = Debug|Any CPU
		{D4C0BD6F-3C99-4B4F-8F21-93A688E55803}.Release|Any CPU.ActiveCfg = Release|Any CPU
		{D4C0BD6F-3C99-4B4F-8F21-93A688E55803}.Release|Any CPU.Build.0 = Release|Any CPU
		{468E94B1-1888-4CA6-A851-A344F233A105}.Debug|Any CPU.ActiveCfg = Debug|Any CPU
		{468E94B1-1888-4CA6-A851-A344F233A105}.Debug|Any CPU.Build.0 = Debug|Any CPU
		{468E94B1-1888-4CA6-A851-A344F233A105}.Release|Any CPU.ActiveCfg = Release|Any CPU
		{468E94B1-1888-4CA6-A851-A344F233A105}.Release|Any CPU.Build.0 = Release|Any CPU
		{3BA47344-573A-4C82-816C-7C1FF5A168D3}.Debug|Any CPU.ActiveCfg = Debug|Any CPU
		{3BA47344-573A-4C82-816C-7C1FF5A168D3}.Debug|Any CPU.Build.0 = Debug|Any CPU
		{3BA47344-573A-4C82-816C-7C1FF5A168D3}.Release|Any CPU.ActiveCfg = Release|Any CPU
		{3BA47344-573A-4C82-816C-7C1FF5A168D3}.Release|Any CPU.Build.0 = Release|Any CPU
		{64A90D4B-ED2D-49C7-AEEB-64B7DA6D520C}.Debug|Any CPU.ActiveCfg = Debug|Any CPU
		{64A90D4B-ED2D-49C7-AEEB-64B7DA6D520C}.Debug|Any CPU.Build.0 = Debug|Any CPU
		{64A90D4B-ED2D-49C7-AEEB-64B7DA6D520C}.Release|Any CPU.ActiveCfg = Release|Any CPU
		{64A90D4B-ED2D-49C7-AEEB-64B7DA6D520C}.Release|Any CPU.Build.0 = Release|Any CPU
		{4BF43DE0-8B36-47D2-B229-892D3BE2B922}.Debug|Any CPU.ActiveCfg = Debug|Any CPU
		{4BF43DE0-8B36-47D2-B229-892D3BE2B922}.Debug|Any CPU.Build.0 = Debug|Any CPU
		{4BF43DE0-8B36-47D2-B229-892D3BE2B922}.Debug|Any CPU.Deploy.0 = Debug|Any CPU
		{4BF43DE0-8B36-47D2-B229-892D3BE2B922}.Release|Any CPU.ActiveCfg = Release|Any CPU
		{4BF43DE0-8B36-47D2-B229-892D3BE2B922}.Release|Any CPU.Build.0 = Release|Any CPU
		{4BF43DE0-8B36-47D2-B229-892D3BE2B922}.Release|Any CPU.Deploy.0 = Release|Any CPU
	EndGlobalSection
	GlobalSection(SolutionProperties) = preSolution
		HideSolutionNode = FALSE
	EndGlobalSection
	GlobalSection(ExtensibilityGlobals) = postSolution
		SolutionGuid = {6193A280-7E7A-4B49-B23E-C07A1E291684}
	EndGlobalSection
EndGlobal
